
Microsoft Visual Studio Solution File, Format Version 12.00
# Visual Studio 15
VisualStudioVersion = 15.0.26730.12
MinimumVisualStudioVersion = 10.0.40219.1
Project("{FAE04EC0-301F-11D3-BF4B-00C04F79EFBC}") = "first file open test", "first file open test\first file open test.csproj", "{EE134165-8A24-491D-8989-8DBD0E797EED}"
EndProject
Global
	GlobalSection(SolutionConfigurationPlatforms) = preSolution
		Debug|Any CPU = Debug|Any CPU
		Release|Any CPU = Release|Any CPU
	EndGlobalSection
	GlobalSection(ProjectConfigurationPlatforms) = postSolution
		{EE134165-8A24-491D-8989-8DBD0E797EED}.Debug|Any CPU.ActiveCfg = Debug|Any CPU
		{EE134165-8A24-491D-8989-8DBD0E797EED}.Debug|Any CPU.Build.0 = Debug|Any CPU
		{EE134165-8A24-491D-8989-8DBD0E797EED}.Release|Any CPU.ActiveCfg = Release|Any CPU
		{EE134165-8A24-491D-8989-8DBD0E797EED}.Release|Any CPU.Build.0 = Release|Any CPU
	EndGlobalSection
	GlobalSection(SolutionProperties) = preSolution
		HideSolutionNode = FALSE
	EndGlobalSection
	GlobalSection(ExtensibilityGlobals) = postSolution
		SolutionGuid = {24134CA5-3143-41BB-BC20-7A0BAFC153A9}
	EndGlobalSection
EndGlobal
